{
  "object": {
    "pins": [
      {
        "package": "Kingfisher",
        "repositoryURL": "https://github.com/onevcat/Kingfisher",
        "state": {
          "branch": null,
          "revision": "1339ebea9498ef6c3fc75cc195d7163d7c7167f9",
          "version": "5.14.1"
        }
      },
      {
        "package": "Reachability",
        "repositoryURL": "https://github.com/ashleymills/Reachability.swift",
        "state": {
          "branch": null,
          "revision": "c01bbdf2d633cf049ae1ed1a68a2020a8bda32e2",
          "version": "5.1.0"
        }
      },
      {
        "package": "SwiftSoup",
        "repositoryURL": "https://github.com/scinfu/SwiftSoup",
        "state": {
          "branch": null,
          "revision": "774dc9c7213085db8aa59595e27c1cd22e428904",
          "version": "2.3.2"
        }
      }
    ]
  },
  "version": 1
}
