// !$*UTF8*$!
{
	archiveVersion = 1;
	classes = {
	};
	objectVersion = 50;
	objects = {

/* Begin PBXBuildFile section */
		7557FA7B24D0271400F80607 /* AppDelegate.swift in Sources */ = {isa = PBXBuildFile; fileRef = 7557FA7A24D0271400F80607 /* AppDelegate.swift */; };
		7557FA7D24D0271400F80607 /* SceneDelegate.swift in Sources */ = {isa = PBXBuildFile; fileRef = 7557FA7C24D0271400F80607 /* SceneDelegate.swift */; };
		7557FA8024D0271400F80607 /* NYTimes.xcdatamodeld in Sources */ = {isa = PBXBuildFile; fileRef = 7557FA7E24D0271400F80607 /* NYTimes.xcdatamodeld */; };
		7557FA8224D0271400F80607 /* ContentView.swift in Sources */ = {isa = PBXBuildFile; fileRef = 7557FA8124D0271400F80607 /* ContentView.swift */; };
		7557FA8424D0271500F80607 /* Assets.xcassets in Resources */ = {isa = PBXBuildFile; fileRef = 7557FA8324D0271500F80607 /* Assets.xcassets */; };
		7557FA8724D0271500F80607 /* Preview Assets.xcassets in Resources */ = {isa = PBXBuildFile; fileRef = 7557FA8624D0271500F80607 /* Preview Assets.xcassets */; };
		7557FA8A24D0271500F80607 /* LaunchScreen.storyboard in Resources */ = {isa = PBXBuildFile; fileRef = 7557FA8824D0271500F80607 /* LaunchScreen.storyboard */; };
		7557FA9524D0271500F80607 /* NYTimesTests.swift in Sources */ = {isa = PBXBuildFile; fileRef = 7557FA9424D0271500F80607 /* NYTimesTests.swift */; };
/* End PBXBuildFile section */

/* Begin PBXContainerItemProxy section */
		7557FA9124D0271500F80607 /* PBXContainerItemProxy */ = {
			isa = PBXContainerItemProxy;
			containerPortal = 7557FA6F24D0271400F80607 /* Project object */;
			proxyType = 1;
			remoteGlobalIDString = 7557FA7624D0271400F80607;
			remoteInfo = NYTimes;
		};
/* End PBXContainerItemProxy section */

/* Begin PBXFileReference section */
		7557FA7724D0271400F80607 /* NYTimes.app */ = {isa = PBXFileReference; explicitFileType = wrapper.application; includeInIndex = 0; path = NYTimes.app; sourceTree = BUILT_PRODUCTS_DIR; };
		7557FA7A24D0271400F80607 /* AppDelegate.swift */ = {isa = PBXFileReference; lastKnownFileType = sourcecode.swift; path = AppDelegate.swift; sourceTree = "<group>"; };
		7557FA7C24D0271400F80607 /* SceneDelegate.swift */ = {isa = PBXFileReference; lastKnownFileType = sourcecode.swift; path = SceneDelegate.swift; sourceTree = "<group>"; };
		7557FA7F24D0271400F80607 /* NYTimes.xcdatamodel */ = {isa = PBXFileReference; lastKnownFileType = wrapper.xcdatamodel; path = NYTimes.xcdatamodel; sourceTree = "<group>"; };
		7557FA8124D0271400F80607 /* ContentView.swift */ = {isa = PBXFileReference; lastKnownFileType = sourcecode.swift; path = ContentView.swift; sourceTree = "<group>"; };
		7557FA8324D0271500F80607 /* Assets.xcassets */ = {isa = PBXFileReference; lastKnownFileType = folder.assetcatalog; path = Assets.xcassets; sourceTree = "<group>"; };
		7557FA8624D0271500F80607 /* Preview Assets.xcassets */ = {isa = PBXFileReference; lastKnownFileType = folder.assetcatalog; path = "Preview Assets.xcassets"; sourceTree = "<group>"; };
		7557FA8924D0271500F80607 /* Base */ = {isa = PBXFileReference; lastKnownFileType = file.storyboard; name = Base; path = Base.lproj/LaunchScreen.storyboard; sourceTree = "<group>"; };
		7557FA8B24D0271500F80607 /* Info.plist */ = {isa = PBXFileReference; lastKnownFileType = text.plist.xml; path = Info.plist; sourceTree = "<group>"; };
		7557FA9024D0271500F80607 /* NYTimesTests.xctest */ = {isa = PBXFileReference; explicitFileType = wrapper.cfbundle; includeInIndex = 0; path = NYTimesTests.xctest; sourceTree = BUILT_PRODUCTS_DIR; };
		7557FA9424D0271500F80607 /* NYTimesTests.swift */ = {isa = PBXFileReference; lastKnownFileType = sourcecode.swift; path = NYTimesTests.swift; sourceTree = "<group>"; };
		7557FA9624D0271500F80607 /* Info.plist */ = {isa = PBXFileReference; lastKnownFileType = text.plist.xml; path = Info.plist; sourceTree = "<group>"; };
/* End PBXFileReference section */

/* Begin PBXFrameworksBuildPhase section */
		7557FA7424D0271400F80607 /* Frameworks */ = {
			isa = PBXFrameworksBuildPhase;
			buildActionMask = 2147483647;
			files = (
			);
			runOnlyForDeploymentPostprocessing = 0;
		};
		7557FA8D24D0271500F80607 /* Frameworks */ = {
			isa = PBXFrameworksBuildPhase;
			buildActionMask = 2147483647;
			files = (
			);
			runOnlyForDeploymentPostprocessing = 0;
		};
/* End PBXFrameworksBuildPhase section */

/* Begin PBXGroup section */
		7557FA6E24D0271400F80607 = {
			isa = PBXGroup;
			children = (
				7557FA7924D0271400F80607 /* NYTimes */,
				7557FA9324D0271500F80607 /* NYTimesTests */,
				7557FA7824D0271400F80607 /* Products */,
			);
			sourceTree = "<group>";
		};
		7557FA7824D0271400F80607 /* Products */ = {
			isa = PBXGroup;
			children = (
				7557FA7724D0271400F80607 /* NYTimes.app */,
				7557FA9024D0271500F80607 /* NYTimesTests.xctest */,
			);
			name = Products;
			sourceTree = "<group>";
		};
		7557FA7924D0271400F80607 /* NYTimes */ = {
			isa = PBXGroup;
			children = (
				7557FA7A24D0271400F80607 /* AppDelegate.swift */,
				7557FA7C24D0271400F80607 /* SceneDelegate.swift */,
				7557FA8124D0271400F80607 /* ContentView.swift */,
				7557FA8324D0271500F80607 /* Assets.xcassets */,
				7557FA8824D0271500F80607 /* LaunchScreen.storyboard */,
				7557FA8B24D0271500F80607 /* Info.plist */,
				7557FA7E24D0271400F80607 /* NYTimes.xcdatamodeld */,
				7557FA8524D0271500F80607 /* Preview Content */,
			);
			path = NYTimes;
			sourceTree = "<group>";
		};
		7557FA8524D0271500F80607 /* Preview Content */ = {
			isa = PBXGroup;
			children = (
				7557FA8624D0271500F80607 /* Preview Assets.xcassets */,
			);
			path = "Preview Content";
			sourceTree = "<group>";
		};
		7557FA9324D0271500F80607 /* NYTimesTests */ = {
			isa = PBXGroup;
			children = (
				7557FA9424D0271500F80607 /* NYTimesTests.swift */,
				7557FA9624D0271500F80607 /* Info.plist */,
			);
			path = NYTimesTests;
			sourceTree = "<group>";
		};
/* End PBXGroup section */

/* Begin PBXNativeTarget section */
		7557FA7624D0271400F80607 /* NYTimes */ = {
			isa = PBXNativeTarget;
			buildConfigurationList = 7557FA9924D0271500F80607 /* Build configuration list for PBXNativeTarget "NYTimes" */;
			buildPhases = (
				7557FA7324D0271400F80607 /* Sources */,
				7557FA7424D0271400F80607 /* Frameworks */,
				7557FA7524D0271400F80607 /* Resources */,
			);
			buildRules = (
			);
			dependencies = (
			);
			name = NYTimes;
			productName = NYTimes;
			productReference = 7557FA7724D0271400F80607 /* NYTimes.app */;
			productType = "com.apple.product-type.application";
		};
		7557FA8F24D0271500F80607 /* NYTimesTests */ = {
			isa = PBXNativeTarget;
			buildConfigurationList = 7557FA9C24D0271500F80607 /* Build configuration list for PBXNativeTarget "NYTimesTests" */;
			buildPhases = (
				7557FA8C24D0271500F80607 /* Sources */,
				7557FA8D24D0271500F80607 /* Frameworks */,
				7557FA8E24D0271500F80607 /* Resources */,
			);
			buildRules = (
			);
			dependencies = (
				7557FA9224D0271500F80607 /* PBXTargetDependency */,
			);
			name = NYTimesTests;
			productName = NYTimesTests;
			productReference = 7557FA9024D0271500F80607 /* NYTimesTests.xctest */;
			productType = "com.apple.product-type.bundle.unit-test";
		};
/* End PBXNativeTarget section */

/* Begin PBXProject section */
		7557FA6F24D0271400F80607 /* Project object */ = {
			isa = PBXProject;
			attributes = {
				LastSwiftUpdateCheck = 1150;
				LastUpgradeCheck = 1150;
				ORGANIZATIONNAME = "Waseem Akram";
				TargetAttributes = {
					7557FA7624D0271400F80607 = {
						CreatedOnToolsVersion = 11.5;
					};
					7557FA8F24D0271500F80607 = {
						CreatedOnToolsVersion = 11.5;
						TestTargetID = 7557FA7624D0271400F80607;
					};
				};
			};
			buildConfigurationList = 7557FA7224D0271400F80607 /* Build configuration list for PBXProject "NYTimes" */;
			compatibilityVersion = "Xcode 9.3";
			developmentRegion = en;
			hasScannedForEncodings = 0;
			knownRegions = (
				en,
				Base,
			);
			mainGroup = 7557FA6E24D0271400F80607;
			productRefGroup = 7557FA7824D0271400F80607 /* Products */;
			projectDirPath = "";
			projectRoot = "";
			targets = (
				7557FA7624D0271400F80607 /* NYTimes */,
				7557FA8F24D0271500F80607 /* NYTimesTests */,
			);
		};
/* End PBXProject section */

/* Begin PBXResourcesBuildPhase section */
		7557FA7524D0271400F80607 /* Resources */ = {
			isa = PBXResourcesBuildPhase;
			buildActionMask = 2147483647;
			files = (
				7557FA8A24D0271500F80607 /* LaunchScreen.storyboard in Resources */,
				7557FA8724D0271500F80607 /* Preview Assets.xcassets in Resources */,
				7557FA8424D0271500F80607 /* Assets.xcassets in Resources */,
			);
			runOnlyForDeploymentPostprocessing = 0;
		};
		7557FA8E24D0271500F80607 /* Resources */ = {
			isa = PBXResourcesBuildPhase;
			buildActionMask = 2147483647;
			files = (
			);
			runOnlyForDeploymentPostprocessing = 0;
		};
/* End PBXResourcesBuildPhase section */

/* Begin PBXSourcesBuildPhase section */
		7557FA7324D0271400F80607 /* Sources */ = {
			isa = PBXSourcesBuildPhase;
			buildActionMask = 2147483647;
			files = (
				7557FA8024D0271400F80607 /* NYTimes.xcdatamodeld in Sources */,
				7557FA7B24D0271400F80607 /* AppDelegate.swift in Sources */,
				7557FA8224D0271400F80607 /* ContentView.swift in Sources */,
				7557FA7D24D0271400F80607 /* SceneDelegate.swift in Sources */,
			);
			runOnlyForDeploymentPostprocessing = 0;
		};
		7557FA8C24D0271500F80607 /* Sources */ = {
			isa = PBXSourcesBuildPhase;
			buildActionMask = 2147483647;
			files = (
				7557FA9524D0271500F80607 /* NYTimesTests.swift in Sources */,
			);
			runOnlyForDeploymentPostprocessing = 0;
		};
/* End PBXSourcesBuildPhase section */

/* Begin PBXTargetDependency section */
		7557FA9224D0271500F80607 /* PBXTargetDependency */ = {
			isa = PBXTargetDependency;
			target = 7557FA7624D0271400F80607 /* NYTimes */;
			targetProxy = 7557FA9124D0271500F80607 /* PBXContainerItemProxy */;
		};
/* End PBXTargetDependency section */

/* Begin PBXVariantGroup section */
		7557FA8824D0271500F80607 /* LaunchScreen.storyboard */ = {
			isa = PBXVariantGroup;
			children = (
				7557FA8924D0271500F80607 /* Base */,
			);
			name = LaunchScreen.storyboard;
			sourceTree = "<group>";
		};
/* End PBXVariantGroup section */

/* Begin XCBuildConfiguration section */
		7557FA9724D0271500F80607 /* Debug */ = {
			isa = XCBuildConfiguration;
			buildSettings = {
				ALWAYS_SEARCH_USER_PATHS = NO;
				CLANG_ANALYZER_NONNULL = YES;
				CLANG_ANALYZER_NUMBER_OBJECT_CONVERSION = YES_AGGRESSIVE;
				CLANG_CXX_LANGUAGE_STANDARD = "gnu++14";
				CLANG_CXX_LIBRARY = "libc++";
				CLANG_ENABLE_MODULES = YES;
				CLANG_ENABLE_OBJC_ARC = YES;
				CLANG_ENABLE_OBJC_WEAK = YES;
				CLANG_WARN_BLOCK_CAPTURE_AUTORELEASING = YES;
				CLANG_WARN_BOOL_CONVERSION = YES;
				CLANG_WARN_COMMA = YES;
				CLANG_WARN_CONSTANT_CONVERSION = YES;
				CLANG_WARN_DEPRECATED_OBJC_IMPLEMENTATIONS = YES;
				CLANG_WARN_DIRECT_OBJC_ISA_USAGE = YES_ERROR;
				CLANG_WARN_DOCUMENTATION_COMMENTS = YES;
				CLANG_WARN_EMPTY_BODY = YES;
				CLANG_WARN_ENUM_CONVERSION = YES;
				CLANG_WARN_INFINITE_RECURSION = YES;
				CLANG_WARN_INT_CONVERSION = YES;
				CLANG_WARN_NON_LITERAL_NULL_CONVERSION = YES;
				CLANG_WARN_OBJC_IMPLICIT_RETAIN_SELF = YES;
				CLANG_WARN_OBJC_LITERAL_CONVERSION = YES;
				CLANG_WARN_OBJC_ROOT_CLASS = YES_ERROR;
				CLANG_WARN_RANGE_LOOP_ANALYSIS = YES;
				CLANG_WARN_STRICT_PROTOTYPES = YES;
				CLANG_WARN_SUSPICIOUS_MOVE = YES;
				CLANG_WARN_UNGUARDED_AVAILABILITY = YES_AGGRESSIVE;
				CLANG_WARN_UNREACHABLE_CODE = YES;
				CLANG_WARN__DUPLICATE_METHOD_MATCH = YES;
				COPY_PHASE_STRIP = NO;
				DEBUG_INFORMATION_FORMAT = dwarf;
				ENABLE_STRICT_OBJC_MSGSEND = YES;
				ENABLE_TESTABILITY = YES;
				GCC_C_LANGUAGE_STANDARD = gnu11;
				GCC_DYNAMIC_NO_PIC = NO;
				GCC_NO_COMMON_BLOCKS = YES;
				GCC_OPTIMIZATION_LEVEL = 0;
				GCC_PREPROCESSOR_DEFINITIONS = (
					"DEBUG=1",
					"$(inherited)",
				);
				GCC_WARN_64_TO_32_BIT_CONVERSION = YES;
				GCC_WARN_ABOUT_RETURN_TYPE = YES_ERROR;
				GCC_WARN_UNDECLARED_SELECTOR = YES;
				GCC_WARN_UNINITIALIZED_AUTOS = YES_AGGRESSIVE;
				GCC_WARN_UNUSED_FUNCTION = YES;
				GCC_WARN_UNUSED_VARIABLE = YES;
				IPHONEOS_DEPLOYMENT_TARGET = 13.5;
				MTL_ENABLE_DEBUG_INFO = INCLUDE_SOURCE;
				MTL_FAST_MATH = YES;
				ONLY_ACTIVE_ARCH = YES;
				SDKROOT = iphoneos;
				SWIFT_ACTIVE_COMPILATION_CONDITIONS = DEBUG;
				SWIFT_OPTIMIZATION_LEVEL = "-Onone";
			};
			name = Debug;
		};
		7557FA9824D0271500F80607 /* Release */ = {
			isa = XCBuildConfiguration;
			buildSettings = {
				ALWAYS_SEARCH_USER_PATHS = NO;
				CLANG_ANALYZER_NONNULL = YES;
				CLANG_ANALYZER_NUMBER_OBJECT_CONVERSION = YES_AGGRESSIVE;
				CLANG_CXX_LANGUAGE_STANDARD = "gnu++14";
				CLANG_CXX_LIBRARY = "libc++";
				CLANG_ENABLE_MODULES = YES;
				CLANG_ENABLE_OBJC_ARC = YES;
				CLANG_ENABLE_OBJC_WEAK = YES;
				CLANG_WARN_BLOCK_CAPTURE_AUTORELEASING = YES;
				CLANG_WARN_BOOL_CONVERSION = YES;
				CLANG_WARN_COMMA = YES;
				CLANG_WARN_CONSTANT_CONVERSION = YES;
				CLANG_WARN_DEPRECATED_OBJC_IMPLEMENTATIONS = YES;
				CLANG_WARN_DIRECT_OBJC_ISA_USAGE = YES_ERROR;
				CLANG_WARN_DOCUMENTATION_COMMENTS = YES;
				CLANG_WARN_EMPTY_BODY = YES;
				CLANG_WARN_ENUM_CONVERSION = YES;
				CLANG_WARN_INFINITE_RECURSION = YES;
				CLANG_WARN_INT_CONVERSION = YES;
				CLANG_WARN_NON_LITERAL_NULL_CONVERSION = YES;
				CLANG_WARN_OBJC_IMPLICIT_RETAIN_SELF = YES;
				CLANG_WARN_OBJC_LITERAL_CONVERSION = YES;
				CLANG_WARN_OBJC_ROOT_CLASS = YES_ERROR;
				CLANG_WARN_RANGE_LOOP_ANALYSIS = YES;
				CLANG_WARN_STRICT_PROTOTYPES = YES;
				CLANG_WARN_SUSPICIOUS_MOVE = YES;
				CLANG_WARN_UNGUARDED_AVAILABILITY = YES_AGGRESSIVE;
				CLANG_WARN_UNREACHABLE_CODE = YES;
				CLANG_WARN__DUPLICATE_METHOD_MATCH = YES;
				COPY_PHASE_STRIP = NO;
				DEBUG_INFORMATION_FORMAT = "dwarf-with-dsym";
				ENABLE_NS_ASSERTIONS = NO;
				ENABLE_STRICT_OBJC_MSGSEND = YES;
				GCC_C_LANGUAGE_STANDARD = gnu11;
				GCC_NO_COMMON_BLOCKS = YES;
				GCC_WARN_64_TO_32_BIT_CONVERSION = YES;
				GCC_WARN_ABOUT_RETURN_TYPE = YES_ERROR;
				GCC_WARN_UNDECLARED_SELECTOR = YES;
				GCC_WARN_UNINITIALIZED_AUTOS = YES_AGGRESSIVE;
				GCC_WARN_UNUSED_FUNCTION = YES;
				GCC_WARN_UNUSED_VARIABLE = YES;
				IPHONEOS_DEPLOYMENT_TARGET = 13.5;
				MTL_ENABLE_DEBUG_INFO = NO;
				MTL_FAST_MATH = YES;
				SDKROOT = iphoneos;
				SWIFT_COMPILATION_MODE = wholemodule;
				SWIFT_OPTIMIZATION_LEVEL = "-O";
				VALIDATE_PRODUCT = YES;
			};
			name = Release;
		};
		7557FA9A24D0271500F80607 /* Debug */ = {
			isa = XCBuildConfiguration;
			buildSettings = {
				ASSETCATALOG_COMPILER_APPICON_NAME = AppIcon;
				CODE_SIGN_STYLE = Automatic;
				DEVELOPMENT_ASSET_PATHS = "\"NYTimes/Preview Content\"";
				DEVELOPMENT_TEAM = Z43AQF953J;
				ENABLE_PREVIEWS = YES;
				INFOPLIST_FILE = NYTimes/Info.plist;
				LD_RUNPATH_SEARCH_PATHS = (
					"$(inherited)",
					"@executable_path/Frameworks",
				);
				PRODUCT_BUNDLE_IDENTIFIER = com.waseem.NYTimes;
				PRODUCT_NAME = "$(TARGET_NAME)";
				SWIFT_VERSION = 5.0;
				TARGETED_DEVICE_FAMILY = "1,2";
			};
			name = Debug;
		};
		7557FA9B24D0271500F80607 /* Release */ = {
			isa = XCBuildConfiguration;
			buildSettings = {
				ASSETCATALOG_COMPILER_APPICON_NAME = AppIcon;
				CODE_SIGN_STYLE = Automatic;
				DEVELOPMENT_ASSET_PATHS = "\"NYTimes/Preview Content\"";
				DEVELOPMENT_TEAM = Z43AQF953J;
				ENABLE_PREVIEWS = YES;
				INFOPLIST_FILE = NYTimes/Info.plist;
				LD_RUNPATH_SEARCH_PATHS = (
					"$(inherited)",
					"@executable_path/Frameworks",
				);
				PRODUCT_BUNDLE_IDENTIFIER = com.waseem.NYTimes;
				PRODUCT_NAME = "$(TARGET_NAME)";
				SWIFT_VERSION = 5.0;
				TARGETED_DEVICE_FAMILY = "1,2";
			};
			name = Release;
		};
		7557FA9D24D0271500F80607 /* Debug */ = {
			isa = XCBuildConfiguration;
			buildSettings = {
				ALWAYS_EMBED_SWIFT_STANDARD_LIBRARIES = YES;
				BUNDLE_LOADER = "$(TEST_HOST)";
				CODE_SIGN_STYLE = Automatic;
				DEVELOPMENT_TEAM = Z43AQF953J;
				INFOPLIST_FILE = NYTimesTests/Info.plist;
				IPHONEOS_DEPLOYMENT_TARGET = 13.5;
				LD_RUNPATH_SEARCH_PATHS = (
					"$(inherited)",
					"@executable_path/Frameworks",
					"@loader_path/Frameworks",
				);
				PRODUCT_BUNDLE_IDENTIFIER = com.waseem.NYTimesTests;
				PRODUCT_NAME = "$(TARGET_NAME)";
				SWIFT_VERSION = 5.0;
				TARGETED_DEVICE_FAMILY = "1,2";
				TEST_HOST = "$(BUILT_PRODUCTS_DIR)/NYTimes.app/NYTimes";
			};
			name = Debug;
		};
		7557FA9E24D0271500F80607 /* Release */ = {
			isa = XCBuildConfiguration;
			buildSettings = {
				ALWAYS_EMBED_SWIFT_STANDARD_LIBRARIES = YES;
				BUNDLE_LOADER = "$(TEST_HOST)";
				CODE_SIGN_STYLE = Automatic;
				DEVELOPMENT_TEAM = Z43AQF953J;
				INFOPLIST_FILE = NYTimesTests/Info.plist;
				IPHONEOS_DEPLOYMENT_TARGET = 13.5;
				LD_RUNPATH_SEARCH_PATHS = (
					"$(inherited)",
					"@executable_path/Frameworks",
					"@loader_path/Frameworks",
				);
				PRODUCT_BUNDLE_IDENTIFIER = com.waseem.NYTimesTests;
				PRODUCT_NAME = "$(TARGET_NAME)";
				SWIFT_VERSION = 5.0;
				TARGETED_DEVICE_FAMILY = "1,2";
				TEST_HOST = "$(BUILT_PRODUCTS_DIR)/NYTimes.app/NYTimes";
			};
			name = Release;
		};
/* End XCBuildConfiguration section */

/* Begin XCConfigurationList section */
		7557FA7224D0271400F80607 /* Build configuration list for PBXProject "NYTimes" */ = {
			isa = XCConfigurationList;
			buildConfigurations = (
				7557FA9724D0271500F80607 /* Debug */,
				7557FA9824D0271500F80607 /* Release */,
			);
			defaultConfigurationIsVisible = 0;
			defaultConfigurationName = Release;
		};
		7557FA9924D0271500F80607 /* Build configuration list for PBXNativeTarget "NYTimes" */ = {
			isa = XCConfigurationList;
			buildConfigurations = (
				7557FA9A24D0271500F80607 /* Debug */,
				7557FA9B24D0271500F80607 /* Release */,
			);
			defaultConfigurationIsVisible = 0;
			defaultConfigurationName = Release;
		};
		7557FA9C24D0271500F80607 /* Build configuration list for PBXNativeTarget "NYTimesTests" */ = {
			isa = XCConfigurationList;
			buildConfigurations = (
				7557FA9D24D0271500F80607 /* Debug */,
				7557FA9E24D0271500F80607 /* Release */,
			);
			defaultConfigurationIsVisible = 0;
			defaultConfigurationName = Release;
		};
/* End XCConfigurationList section */

/* Begin XCVersionGroup section */
		7557FA7E24D0271400F80607 /* NYTimes.xcdatamodeld */ = {
			isa = XCVersionGroup;
			children = (
				7557FA7F24D0271400F80607 /* NYTimes.xcdatamodel */,
			);
			currentVersion = 7557FA7F24D0271400F80607 /* NYTimes.xcdatamodel */;
			path = NYTimes.xcdatamodeld;
			sourceTree = "<group>";
			versionGroupType = wrapper.xcdatamodel;
		};
/* End XCVersionGroup section */
	};
	rootObject = 7557FA6F24D0271400F80607 /* Project object */;
}
